
Microsoft Visual Studio Solution File, Format Version 12.00
# Visual Studio Version 17
VisualStudioVersion = 17.14.36429.23 d17.14
MinimumVisualStudioVersion = 10.0.40219.1
Project("{8BC9CEB8-8B4A-11D0-8D11-00A0C91BC942}") = "PRODUCT", "PRODUCT\PRODUCT.vcxproj", "{E8E5C9D5-9AAC-4204-BEEB-DF23BA1D9AEE}"
EndProject
Global
	GlobalSection(SolutionConfigurationPlatforms) = preSolution
		Debug|x64 = Debug|x64
		Debug|x86 = Debug|x86
		Release|x64 = Release|x64
		Release|x86 = Release|x86
	EndGlobalSection
	GlobalSection(ProjectConfigurationPlatforms) = postSolution
		{E8E5C9D5-9AAC-4204-BEEB-DF23BA1D9AEE}.Debug|x64.ActiveCfg = Debug|x64
		{E8E5C9D5-9AAC-4204-BEEB-DF23BA1D9AEE}.Debug|x64.Build.0 = Debug|x64
		{E8E5C9D5-9AAC-4204-BEEB-DF23BA1D9AEE}.Debug|x86.ActiveCfg = Debug|Win32
		{E8E5C9D5-9AAC-4204-BEEB-DF23BA1D9AEE}.Debug|x86.Build.0 = Debug|Win32
		{E8E5C9D5-9AAC-4204-BEEB-DF23BA1D9AEE}.Release|x64.ActiveCfg = Release|x64
		{E8E5C9D5-9AAC-4204-BEEB-DF23BA1D9AEE}.Release|x64.Build.0 = Release|x64
		{E8E5C9D5-9AAC-4204-BEEB-DF23BA1D9AEE}.Release|x86.ActiveCfg = Release|Win32
		{E8E5C9D5-9AAC-4204-BEEB-DF23BA1D9AEE}.Release|x86.Build.0 = Release|Win32
	EndGlobalSection
	GlobalSection(SolutionProperties) = preSolution
		HideSolutionNode = FALSE
	EndGlobalSection
	GlobalSection(ExtensibilityGlobals) = postSolution
		SolutionGuid = {2F7C871B-5E2A-4F7E-8A37-0A683F93AFB3}
	EndGlobalSection
EndGlobal
